// !$*UTF8*$!
{
	archiveVersion = 1;
	classes = {
	};
	objectVersion = 50;
	objects = {

/* Begin PBXBuildFile section */
		9BBCC60C260B18B200D4E37B /* AppDelegate.m in Sources */ = {isa = PBXBuildFile; fileRef = 9BBCC60B260B18B200D4E37B /* AppDelegate.m */; };
		9BBCC615260B18B200D4E37B /* Main.storyboard in Resources */ = {isa = PBXBuildFile; fileRef = 9BBCC613260B18B200D4E37B /* Main.storyboard */; };
		9BBCC617260B18B300D4E37B /* Assets.xcassets in Resources */ = {isa = PBXBuildFile; fileRef = 9BBCC616260B18B300D4E37B /* Assets.xcassets */; };
		9BBCC61A260B18B300D4E37B /* LaunchScreen.storyboard in Resources */ = {isa = PBXBuildFile; fileRef = 9BBCC618260B18B300D4E37B /* LaunchScreen.storyboard */; };
		9BBCC61D260B18B300D4E37B /* main.m in Sources */ = {isa = PBXBuildFile; fileRef = 9BBCC61C260B18B300D4E37B /* main.m */; };
		9BBCC630260B1C4F00D4E37B /* Render.storyboard in Resources */ = {isa = PBXBuildFile; fileRef = 9BBCC62E260B1C4F00D4E37B /* Render.storyboard */; };
		9BBCC635260B1CA000D4E37B /* RenderViewController.m in Sources */ = {isa = PBXBuildFile; fileRef = 9BBCC634260B1CA000D4E37B /* RenderViewController.m */; };
		9BBCC639260B1CDC00D4E37B /* RenderCapture.m in Sources */ = {isa = PBXBuildFile; fileRef = 9BBCC638260B1CDC00D4E37B /* RenderCapture.m */; };
		9BBCC647260B213D00D4E37B /* Encoder.storyboard in Resources */ = {isa = PBXBuildFile; fileRef = 9BBCC645260B213D00D4E37B /* Encoder.storyboard */; };
		9BBCC64C260B215F00D4E37B /* EncoderCapture.m in Sources */ = {isa = PBXBuildFile; fileRef = 9BBCC64B260B215F00D4E37B /* EncoderCapture.m */; };
		9BBCC651260B217600D4E37B /* EncoderViewController.m in Sources */ = {isa = PBXBuildFile; fileRef = 9BBCC650260B217600D4E37B /* EncoderViewController.m */; };
		9BBCC656260B229400D4E37B /* H264HwEncoder.m in Sources */ = {isa = PBXBuildFile; fileRef = 9BBCC655260B229400D4E37B /* H264HwEncoder.m */; };
		9BBCC65B260B2EE100D4E37B /* YXFileHandle.m in Sources */ = {isa = PBXBuildFile; fileRef = 9BBCC65A260B2EE100D4E37B /* YXFileHandle.m */; };
		9BBCC665260B337000D4E37B /* EncoderUse.storyboard in Resources */ = {isa = PBXBuildFile; fileRef = 9BBCC663260B337000D4E37B /* EncoderUse.storyboard */; };
		9BBCC66A260B339600D4E37B /* EncoderUseCapture.m in Sources */ = {isa = PBXBuildFile; fileRef = 9BBCC669260B339600D4E37B /* EncoderUseCapture.m */; };
		9BBCC66F260B33A100D4E37B /* EUseViewController.m in Sources */ = {isa = PBXBuildFile; fileRef = 9BBCC66E260B33A100D4E37B /* EUseViewController.m */; };
		9BBCC674260B34E700D4E37B /* EUseH264HwEncoder.m in Sources */ = {isa = PBXBuildFile; fileRef = 9BBCC673260B34E700D4E37B /* EUseH264HwEncoder.m */; };
		9BBCC684260C2BD300D4E37B /* VED.storyboard in Resources */ = {isa = PBXBuildFile; fileRef = 9BBCC682260C2BD300D4E37B /* VED.storyboard */; };
		9BBCC689260C2DA500D4E37B /* VEDViewController.m in Sources */ = {isa = PBXBuildFile; fileRef = 9BBCC688260C2DA500D4E37B /* VEDViewController.m */; };
		9BBCC68E260C2DBA00D4E37B /* VEDCapture.m in Sources */ = {isa = PBXBuildFile; fileRef = 9BBCC68D260C2DBA00D4E37B /* VEDCapture.m */; };
		9BBCC692260C2DC900D4E37B /* VEDH264Encoder.m in Sources */ = {isa = PBXBuildFile; fileRef = 9BBCC691260C2DC900D4E37B /* VEDH264Encoder.m */; };
		9BBCC696260C2DD700D4E37B /* VEDH264Decoder.m in Sources */ = {isa = PBXBuildFile; fileRef = 9BBCC695260C2DD700D4E37B /* VEDH264Decoder.m */; };
		9BBCC69C260C366900D4E37B /* YXLayerPlayer.m in Sources */ = {isa = PBXBuildFile; fileRef = 9BBCC69B260C366900D4E37B /* YXLayerPlayer.m */; };
		9BBCC6A7260C3C7C00D4E37B /* VEDUse.storyboard in Resources */ = {isa = PBXBuildFile; fileRef = 9BBCC6A5260C3C7C00D4E37B /* VEDUse.storyboard */; };
		9BBCC6AE260C3E2900D4E37B /* VEDUseCapture.m in Sources */ = {isa = PBXBuildFile; fileRef = 9BBCC6AD260C3E2900D4E37B /* VEDUseCapture.m */; };
		9BBCC6B3260C3E7F00D4E37B /* VEDUseEncoder.m in Sources */ = {isa = PBXBuildFile; fileRef = 9BBCC6B2260C3E7F00D4E37B /* VEDUseEncoder.m */; };
		9BBCC6B7260C3E8A00D4E37B /* VEDUseDecoder.m in Sources */ = {isa = PBXBuildFile; fileRef = 9BBCC6B6260C3E8A00D4E37B /* VEDUseDecoder.m */; };
		9BBCC6BB260C3E9D00D4E37B /* VEDUseViewController.m in Sources */ = {isa = PBXBuildFile; fileRef = 9BBCC6BA260C3E9D00D4E37B /* VEDUseViewController.m */; };
		9BBCC6D6260C88EC00D4E37B /* VEDRender.storyboard in Resources */ = {isa = PBXBuildFile; fileRef = 9BBCC6D4260C88EC00D4E37B /* VEDRender.storyboard */; };
		9BBCC6DA260C891800D4E37B /* VEDRenderViewController.m in Sources */ = {isa = PBXBuildFile; fileRef = 9BBCC6D9260C891800D4E37B /* VEDRenderViewController.m */; };
		9BBCC6DE260C8A0000D4E37B /* VEDRCapture.m in Sources */ = {isa = PBXBuildFile; fileRef = 9BBCC6DD260C8A0000D4E37B /* VEDRCapture.m */; };
		9BBCC6E2260C8A0C00D4E37B /* VEDREncoder.m in Sources */ = {isa = PBXBuildFile; fileRef = 9BBCC6E1260C8A0C00D4E37B /* VEDREncoder.m */; };
		9BBCC6E6260C8A1F00D4E37B /* VEDRDecoder.m in Sources */ = {isa = PBXBuildFile; fileRef = 9BBCC6E5260C8A1F00D4E37B /* VEDRDecoder.m */; };
/* End PBXBuildFile section */

/* Begin PBXFileReference section */
		9BBCC607260B18B200D4E37B /* VideoDR.app */ = {isa = PBXFileReference; explicitFileType = wrapper.application; includeInIndex = 0; path = VideoDR.app; sourceTree = BUILT_PRODUCTS_DIR; };
		9BBCC60A260B18B200D4E37B /* AppDelegate.h */ = {isa = PBXFileReference; lastKnownFileType = sourcecode.c.h; path = AppDelegate.h; sourceTree = "<group>"; };
		9BBCC60B260B18B200D4E37B /* AppDelegate.m */ = {isa = PBXFileReference; lastKnownFileType = sourcecode.c.objc; path = AppDelegate.m; sourceTree = "<group>"; };
		9BBCC614260B18B200D4E37B /* Base */ = {isa = PBXFileReference; lastKnownFileType = file.storyboard; name = Base; path = Base.lproj/Main.storyboard; sourceTree = "<group>"; };
		9BBCC616260B18B300D4E37B /* Assets.xcassets */ = {isa = PBXFileReference; lastKnownFileType = folder.assetcatalog; path = Assets.xcassets; sourceTree = "<group>"; };
		9BBCC619260B18B300D4E37B /* Base */ = {isa = PBXFileReference; lastKnownFileType = file.storyboard; name = Base; path = Base.lproj/LaunchScreen.storyboard; sourceTree = "<group>"; };
		9BBCC61B260B18B300D4E37B /* Info.plist */ = {isa = PBXFileReference; lastKnownFileType = text.plist.xml; path = Info.plist; sourceTree = "<group>"; };
		9BBCC61C260B18B300D4E37B /* main.m */ = {isa = PBXFileReference; lastKnownFileType = sourcecode.c.objc; path = main.m; sourceTree = "<group>"; };
		9BBCC62F260B1C4F00D4E37B /* Base */ = {isa = PBXFileReference; lastKnownFileType = file.storyboard; name = Base; path = Base.lproj/Render.storyboard; sourceTree = "<group>"; };
		9BBCC633260B1CA000D4E37B /* RenderViewController.h */ = {isa = PBXFileReference; lastKnownFileType = sourcecode.c.h; path = RenderViewController.h; sourceTree = "<group>"; };
		9BBCC634260B1CA000D4E37B /* RenderViewController.m */ = {isa = PBXFileReference; lastKnownFileType = sourcecode.c.objc; path = RenderViewController.m; sourceTree = "<group>"; };
		9BBCC637260B1CDC00D4E37B /* RenderCapture.h */ = {isa = PBXFileReference; lastKnownFileType = sourcecode.c.h; path = RenderCapture.h; sourceTree = "<group>"; };
		9BBCC638260B1CDC00D4E37B /* RenderCapture.m */ = {isa = PBXFileReference; lastKnownFileType = sourcecode.c.objc; path = RenderCapture.m; sourceTree = "<group>"; };
		9BBCC646260B213D00D4E37B /* Base */ = {isa = PBXFileReference; lastKnownFileType = file.storyboard; name = Base; path = Base.lproj/Encoder.storyboard; sourceTree = "<group>"; };
		9BBCC64A260B215F00D4E37B /* EncoderCapture.h */ = {isa = PBXFileReference; lastKnownFileType = sourcecode.c.h; path = EncoderCapture.h; sourceTree = "<group>"; };
		9BBCC64B260B215F00D4E37B /* EncoderCapture.m */ = {isa = PBXFileReference; lastKnownFileType = sourcecode.c.objc; path = EncoderCapture.m; sourceTree = "<group>"; };
		9BBCC64F260B217600D4E37B /* EncoderViewController.h */ = {isa = PBXFileReference; lastKnownFileType = sourcecode.c.h; path = EncoderViewController.h; sourceTree = "<group>"; };
		9BBCC650260B217600D4E37B /* EncoderViewController.m */ = {isa = PBXFileReference; lastKnownFileType = sourcecode.c.objc; path = EncoderViewController.m; sourceTree = "<group>"; };
		9BBCC654260B229400D4E37B /* H264HwEncoder.h */ = {isa = PBXFileReference; lastKnownFileType = sourcecode.c.h; path = H264HwEncoder.h; sourceTree = "<group>"; };
		9BBCC655260B229400D4E37B /* H264HwEncoder.m */ = {isa = PBXFileReference; lastKnownFileType = sourcecode.c.objc; path = H264HwEncoder.m; sourceTree = "<group>"; };
		9BBCC659260B2EE100D4E37B /* YXFileHandle.h */ = {isa = PBXFileReference; lastKnownFileType = sourcecode.c.h; path = YXFileHandle.h; sourceTree = "<group>"; };
		9BBCC65A260B2EE100D4E37B /* YXFileHandle.m */ = {isa = PBXFileReference; lastKnownFileType = sourcecode.c.objc; path = YXFileHandle.m; sourceTree = "<group>"; };
		9BBCC664260B337000D4E37B /* Base */ = {isa = PBXFileReference; lastKnownFileType = file.storyboard; name = Base; path = Base.lproj/EncoderUse.storyboard; sourceTree = "<group>"; };
		9BBCC668260B339600D4E37B /* EncoderUseCapture.h */ = {isa = PBXFileReference; lastKnownFileType = sourcecode.c.h; path = EncoderUseCapture.h; sourceTree = "<group>"; };
		9BBCC669260B339600D4E37B /* EncoderUseCapture.m */ = {isa = PBXFileReference; lastKnownFileType = sourcecode.c.objc; path = EncoderUseCapture.m; sourceTree = "<group>"; };
		9BBCC66D260B33A100D4E37B /* EUseViewController.h */ = {isa = PBXFileReference; lastKnownFileType = sourcecode.c.h; path = EUseViewController.h; sourceTree = "<group>"; };
		9BBCC66E260B33A100D4E37B /* EUseViewController.m */ = {isa = PBXFileReference; lastKnownFileType = sourcecode.c.objc; path = EUseViewController.m; sourceTree = "<group>"; };
		9BBCC672260B34E700D4E37B /* EUseH264HwEncoder.h */ = {isa = PBXFileReference; lastKnownFileType = sourcecode.c.h; path = EUseH264HwEncoder.h; sourceTree = "<group>"; };
		9BBCC673260B34E700D4E37B /* EUseH264HwEncoder.m */ = {isa = PBXFileReference; lastKnownFileType = sourcecode.c.objc; path = EUseH264HwEncoder.m; sourceTree = "<group>"; };
		9BBCC683260C2BD300D4E37B /* Base */ = {isa = PBXFileReference; lastKnownFileType = file.storyboard; name = Base; path = Base.lproj/VED.storyboard; sourceTree = "<group>"; };
		9BBCC687260C2DA500D4E37B /* VEDViewController.h */ = {isa = PBXFileReference; lastKnownFileType = sourcecode.c.h; path = VEDViewController.h; sourceTree = "<group>"; };
		9BBCC688260C2DA500D4E37B /* VEDViewController.m */ = {isa = PBXFileReference; lastKnownFileType = sourcecode.c.objc; path = VEDViewController.m; sourceTree = "<group>"; };
		9BBCC68C260C2DBA00D4E37B /* VEDCapture.h */ = {isa = PBXFileReference; lastKnownFileType = sourcecode.c.h; path = VEDCapture.h; sourceTree = "<group>"; };
		9BBCC68D260C2DBA00D4E37B /* VEDCapture.m */ = {isa = PBXFileReference; lastKnownFileType = sourcecode.c.objc; path = VEDCapture.m; sourceTree = "<group>"; };
		9BBCC690260C2DC900D4E37B /* VEDH264Encoder.h */ = {isa = PBXFileReference; lastKnownFileType = sourcecode.c.h; path = VEDH264Encoder.h; sourceTree = "<group>"; };
		9BBCC691260C2DC900D4E37B /* VEDH264Encoder.m */ = {isa = PBXFileReference; lastKnownFileType = sourcecode.c.objc; path = VEDH264Encoder.m; sourceTree = "<group>"; };
		9BBCC694260C2DD700D4E37B /* VEDH264Decoder.h */ = {isa = PBXFileReference; lastKnownFileType = sourcecode.c.h; path = VEDH264Decoder.h; sourceTree = "<group>"; };
		9BBCC695260C2DD700D4E37B /* VEDH264Decoder.m */ = {isa = PBXFileReference; lastKnownFileType = sourcecode.c.objc; path = VEDH264Decoder.m; sourceTree = "<group>"; };
		9BBCC69A260C366900D4E37B /* YXLayerPlayer.h */ = {isa = PBXFileReference; lastKnownFileType = sourcecode.c.h; path = YXLayerPlayer.h; sourceTree = "<group>"; };
		9BBCC69B260C366900D4E37B /* YXLayerPlayer.m */ = {isa = PBXFileReference; lastKnownFileType = sourcecode.c.objc; path = YXLayerPlayer.m; sourceTree = "<group>"; };
		9BBCC6A6260C3C7C00D4E37B /* Base */ = {isa = PBXFileReference; lastKnownFileType = file.storyboard; name = Base; path = Base.lproj/VEDUse.storyboard; sourceTree = "<group>"; };
		9BBCC6AC260C3E2900D4E37B /* VEDUseCapture.h */ = {isa = PBXFileReference; lastKnownFileType = sourcecode.c.h; path = VEDUseCapture.h; sourceTree = "<group>"; };
		9BBCC6AD260C3E2900D4E37B /* VEDUseCapture.m */ = {isa = PBXFileReference; lastKnownFileType = sourcecode.c.objc; path = VEDUseCapture.m; sourceTree = "<group>"; };
		9BBCC6B1260C3E7F00D4E37B /* VEDUseEncoder.h */ = {isa = PBXFileReference; lastKnownFileType = sourcecode.c.h; path = VEDUseEncoder.h; sourceTree = "<group>"; };
		9BBCC6B2260C3E7F00D4E37B /* VEDUseEncoder.m */ = {isa = PBXFileReference; lastKnownFileType = sourcecode.c.objc; path = VEDUseEncoder.m; sourceTree = "<group>"; };
		9BBCC6B5260C3E8A00D4E37B /* VEDUseDecoder.h */ = {isa = PBXFileReference; lastKnownFileType = sourcecode.c.h; path = VEDUseDecoder.h; sourceTree = "<group>"; };
		9BBCC6B6260C3E8A00D4E37B /* VEDUseDecoder.m */ = {isa = PBXFileReference; lastKnownFileType = sourcecode.c.objc; path = VEDUseDecoder.m; sourceTree = "<group>"; };
		9BBCC6B9260C3E9D00D4E37B /* VEDUseViewController.h */ = {isa = PBXFileReference; lastKnownFileType = sourcecode.c.h; path = VEDUseViewController.h; sourceTree = "<group>"; };
		9BBCC6BA260C3E9D00D4E37B /* VEDUseViewController.m */ = {isa = PBXFileReference; lastKnownFileType = sourcecode.c.objc; path = VEDUseViewController.m; sourceTree = "<group>"; };
		9BBCC6D5260C88EC00D4E37B /* Base */ = {isa = PBXFileReference; lastKnownFileType = file.storyboard; name = Base; path = Base.lproj/VEDRender.storyboard; sourceTree = "<group>"; };
		9BBCC6D8260C891800D4E37B /* VEDRenderViewController.h */ = {isa = PBXFileReference; lastKnownFileType = sourcecode.c.h; path = VEDRenderViewController.h; sourceTree = "<group>"; };
		9BBCC6D9260C891800D4E37B /* VEDRenderViewController.m */ = {isa = PBXFileReference; lastKnownFileType = sourcecode.c.objc; path = VEDRenderViewController.m; sourceTree = "<group>"; };
		9BBCC6DC260C8A0000D4E37B /* VEDRCapture.h */ = {isa = PBXFileReference; lastKnownFileType = sourcecode.c.h; path = VEDRCapture.h; sourceTree = "<group>"; };
		9BBCC6DD260C8A0000D4E37B /* VEDRCapture.m */ = {isa = PBXFileReference; lastKnownFileType = sourcecode.c.objc; path = VEDRCapture.m; sourceTree = "<group>"; };
		9BBCC6E0260C8A0C00D4E37B /* VEDREncoder.h */ = {isa = PBXFileReference; lastKnownFileType = sourcecode.c.h; path = VEDREncoder.h; sourceTree = "<group>"; };
		9BBCC6E1260C8A0C00D4E37B /* VEDREncoder.m */ = {isa = PBXFileReference; lastKnownFileType = sourcecode.c.objc; path = VEDREncoder.m; sourceTree = "<group>"; };
		9BBCC6E4260C8A1F00D4E37B /* VEDRDecoder.h */ = {isa = PBXFileReference; lastKnownFileType = sourcecode.c.h; path = VEDRDecoder.h; sourceTree = "<group>"; };
		9BBCC6E5260C8A1F00D4E37B /* VEDRDecoder.m */ = {isa = PBXFileReference; lastKnownFileType = sourcecode.c.objc; path = VEDRDecoder.m; sourceTree = "<group>"; };
		9BBCC6E8260C8E1A00D4E37B /* VEDRNote.h */ = {isa = PBXFileReference; lastKnownFileType = sourcecode.c.h; path = VEDRNote.h; sourceTree = "<group>"; };
/* End PBXFileReference section */

/* Begin PBXFrameworksBuildPhase section */
		9BBCC604260B18B200D4E37B /* Frameworks */ = {
			isa = PBXFrameworksBuildPhase;
			buildActionMask = 2147483647;
			files = (
			);
			runOnlyForDeploymentPostprocessing = 0;
		};
/* End PBXFrameworksBuildPhase section */

/* Begin PBXGroup section */
		9BBCC5FE260B18B200D4E37B = {
			isa = PBXGroup;
			children = (
				9BBCC609260B18B200D4E37B /* VideoDR */,
				9BBCC608260B18B200D4E37B /* Products */,
			);
			sourceTree = "<group>";
		};
		9BBCC608260B18B200D4E37B /* Products */ = {
			isa = PBXGroup;
			children = (
				9BBCC607260B18B200D4E37B /* VideoDR.app */,
			);
			name = Products;
			sourceTree = "<group>";
		};
		9BBCC609260B18B200D4E37B /* VideoDR */ = {
			isa = PBXGroup;
			children = (
				9BBCC60A260B18B200D4E37B /* AppDelegate.h */,
				9BBCC60B260B18B200D4E37B /* AppDelegate.m */,
				9BBCC6CD260C87FE00D4E37B /* VEDRender */,
				9BBCC6AB260C3E1400D4E37B /* VEDUse */,
				9BBCC686260C2D9700D4E37B /* VED */,
				9BBCC667260B338300D4E37B /* EncoderUse */,
				9BBCC649260B214D00D4E37B /* Encoder */,
				9BBCC632260B1C8700D4E37B /* Render */,
				9BBCC658260B2ECB00D4E37B /* Tool */,
				9BBCC698260C35C100D4E37B /* Player */,
				9BBCC613260B18B200D4E37B /* Main.storyboard */,
				9BBCC6D4260C88EC00D4E37B /* VEDRender.storyboard */,
				9BBCC6A5260C3C7C00D4E37B /* VEDUse.storyboard */,
				9BBCC682260C2BD300D4E37B /* VED.storyboard */,
				9BBCC663260B337000D4E37B /* EncoderUse.storyboard */,
				9BBCC645260B213D00D4E37B /* Encoder.storyboard */,
				9BBCC62E260B1C4F00D4E37B /* Render.storyboard */,
				9BBCC616260B18B300D4E37B /* Assets.xcassets */,
				9BBCC618260B18B300D4E37B /* LaunchScreen.storyboard */,
				9BBCC61B260B18B300D4E37B /* Info.plist */,
				9BBCC61C260B18B300D4E37B /* main.m */,
			);
			path = VideoDR;
			sourceTree = "<group>";
		};
		9BBCC632260B1C8700D4E37B /* Render */ = {
			isa = PBXGroup;
			children = (
				9BBCC633260B1CA000D4E37B /* RenderViewController.h */,
				9BBCC634260B1CA000D4E37B /* RenderViewController.m */,
				9BBCC637260B1CDC00D4E37B /* RenderCapture.h */,
				9BBCC638260B1CDC00D4E37B /* RenderCapture.m */,
			);
			path = Render;
			sourceTree = "<group>";
		};
		9BBCC649260B214D00D4E37B /* Encoder */ = {
			isa = PBXGroup;
			children = (
				9BBCC64F260B217600D4E37B /* EncoderViewController.h */,
				9BBCC650260B217600D4E37B /* EncoderViewController.m */,
				9BBCC64A260B215F00D4E37B /* EncoderCapture.h */,
				9BBCC64B260B215F00D4E37B /* EncoderCapture.m */,
				9BBCC654260B229400D4E37B /* H264HwEncoder.h */,
				9BBCC655260B229400D4E37B /* H264HwEncoder.m */,
			);
			path = Encoder;
			sourceTree = "<group>";
		};
		9BBCC658260B2ECB00D4E37B /* Tool */ = {
			isa = PBXGroup;
			children = (
				9BBCC659260B2EE100D4E37B /* YXFileHandle.h */,
				9BBCC65A260B2EE100D4E37B /* YXFileHandle.m */,
			);
			path = Tool;
			sourceTree = "<group>";
		};
		9BBCC667260B338300D4E37B /* EncoderUse */ = {
			isa = PBXGroup;
			children = (
				9BBCC66D260B33A100D4E37B /* EUseViewController.h */,
				9BBCC66E260B33A100D4E37B /* EUseViewController.m */,
				9BBCC668260B339600D4E37B /* EncoderUseCapture.h */,
				9BBCC669260B339600D4E37B /* EncoderUseCapture.m */,
				9BBCC672260B34E700D4E37B /* EUseH264HwEncoder.h */,
				9BBCC673260B34E700D4E37B /* EUseH264HwEncoder.m */,
			);
			path = EncoderUse;
			sourceTree = "<group>";
		};
		9BBCC686260C2D9700D4E37B /* VED */ = {
			isa = PBXGroup;
			children = (
				9BBCC687260C2DA500D4E37B /* VEDViewController.h */,
				9BBCC688260C2DA500D4E37B /* VEDViewController.m */,
				9BBCC68C260C2DBA00D4E37B /* VEDCapture.h */,
				9BBCC68D260C2DBA00D4E37B /* VEDCapture.m */,
				9BBCC690260C2DC900D4E37B /* VEDH264Encoder.h */,
				9BBCC691260C2DC900D4E37B /* VEDH264Encoder.m */,
				9BBCC694260C2DD700D4E37B /* VEDH264Decoder.h */,
				9BBCC695260C2DD700D4E37B /* VEDH264Decoder.m */,
			);
			path = VED;
			sourceTree = "<group>";
		};
		9BBCC698260C35C100D4E37B /* Player */ = {
			isa = PBXGroup;
			children = (
				9BBCC69A260C366900D4E37B /* YXLayerPlayer.h */,
				9BBCC69B260C366900D4E37B /* YXLayerPlayer.m */,
			);
			path = Player;
			sourceTree = "<group>";
		};
		9BBCC6AB260C3E1400D4E37B /* VEDUse */ = {
			isa = PBXGroup;
			children = (
				9BBCC6B9260C3E9D00D4E37B /* VEDUseViewController.h */,
				9BBCC6BA260C3E9D00D4E37B /* VEDUseViewController.m */,
				9BBCC6AC260C3E2900D4E37B /* VEDUseCapture.h */,
				9BBCC6AD260C3E2900D4E37B /* VEDUseCapture.m */,
				9BBCC6B1260C3E7F00D4E37B /* VEDUseEncoder.h */,
				9BBCC6B2260C3E7F00D4E37B /* VEDUseEncoder.m */,
				9BBCC6B5260C3E8A00D4E37B /* VEDUseDecoder.h */,
				9BBCC6B6260C3E8A00D4E37B /* VEDUseDecoder.m */,
			);
			path = VEDUse;
			sourceTree = "<group>";
		};
		9BBCC6CD260C87FE00D4E37B /* VEDRender */ = {
			isa = PBXGroup;
			children = (
				9BBCC6D8260C891800D4E37B /* VEDRenderViewController.h */,
				9BBCC6D9260C891800D4E37B /* VEDRenderViewController.m */,
				9BBCC6DC260C8A0000D4E37B /* VEDRCapture.h */,
				9BBCC6DD260C8A0000D4E37B /* VEDRCapture.m */,
				9BBCC6E0260C8A0C00D4E37B /* VEDREncoder.h */,
				9BBCC6E1260C8A0C00D4E37B /* VEDREncoder.m */,
				9BBCC6E4260C8A1F00D4E37B /* VEDRDecoder.h */,
				9BBCC6E5260C8A1F00D4E37B /* VEDRDecoder.m */,
				9BBCC6E8260C8E1A00D4E37B /* VEDRNote.h */,
			);
			path = VEDRender;
			sourceTree = "<group>";
		};
/* End PBXGroup section */

/* Begin PBXNativeTarget section */
		9BBCC606260B18B200D4E37B /* VideoDR */ = {
			isa = PBXNativeTarget;
			buildConfigurationList = 9BBCC620260B18B300D4E37B /* Build configuration list for PBXNativeTarget "VideoDR" */;
			buildPhases = (
				9BBCC603260B18B200D4E37B /* Sources */,
				9BBCC604260B18B200D4E37B /* Frameworks */,
				9BBCC605260B18B200D4E37B /* Resources */,
			);
			buildRules = (
			);
			dependencies = (
			);
			name = VideoDR;
			productName = VideoDR;
			productReference = 9BBCC607260B18B200D4E37B /* VideoDR.app */;
			productType = "com.apple.product-type.application";
		};
/* End PBXNativeTarget section */

/* Begin PBXProject section */
		9BBCC5FF260B18B200D4E37B /* Project object */ = {
			isa = PBXProject;
			attributes = {
				LastUpgradeCheck = 1230;
				TargetAttributes = {
					9BBCC606260B18B200D4E37B = {
						CreatedOnToolsVersion = 12.3;
					};
				};
			};
			buildConfigurationList = 9BBCC602260B18B200D4E37B /* Build configuration list for PBXProject "VideoDR" */;
			compatibilityVersion = "Xcode 9.3";
			developmentRegion = en;
			hasScannedForEncodings = 0;
			knownRegions = (
				en,
				Base,
			);
			mainGroup = 9BBCC5FE260B18B200D4E37B;
			productRefGroup = 9BBCC608260B18B200D4E37B /* Products */;
			projectDirPath = "";
			projectRoot = "";
			targets = (
				9BBCC606260B18B200D4E37B /* VideoDR */,
			);
		};
/* End PBXProject section */

/* Begin PBXResourcesBuildPhase section */
		9BBCC605260B18B200D4E37B /* Resources */ = {
			isa = PBXResourcesBuildPhase;
			buildActionMask = 2147483647;
			files = (
				9BBCC6D6260C88EC00D4E37B /* VEDRender.storyboard in Resources */,
				9BBCC630260B1C4F00D4E37B /* Render.storyboard in Resources */,
				9BBCC61A260B18B300D4E37B /* LaunchScreen.storyboard in Resources */,
				9BBCC617260B18B300D4E37B /* Assets.xcassets in Resources */,
				9BBCC684260C2BD300D4E37B /* VED.storyboard in Resources */,
				9BBCC6A7260C3C7C00D4E37B /* VEDUse.storyboard in Resources */,
				9BBCC665260B337000D4E37B /* EncoderUse.storyboard in Resources */,
				9BBCC647260B213D00D4E37B /* Encoder.storyboard in Resources */,
				9BBCC615260B18B200D4E37B /* Main.storyboard in Resources */,
			);
			runOnlyForDeploymentPostprocessing = 0;
		};
/* End PBXResourcesBuildPhase section */

/* Begin PBXSourcesBuildPhase section */
		9BBCC603260B18B200D4E37B /* Sources */ = {
			isa = PBXSourcesBuildPhase;
			buildActionMask = 2147483647;
			files = (
				9BBCC696260C2DD700D4E37B /* VEDH264Decoder.m in Sources */,
				9BBCC6B7260C3E8A00D4E37B /* VEDUseDecoder.m in Sources */,
				9BBCC689260C2DA500D4E37B /* VEDViewController.m in Sources */,
				9BBCC64C260B215F00D4E37B /* EncoderCapture.m in Sources */,
				9BBCC656260B229400D4E37B /* H264HwEncoder.m in Sources */,
				9BBCC6DA260C891800D4E37B /* VEDRenderViewController.m in Sources */,
				9BBCC60C260B18B200D4E37B /* AppDelegate.m in Sources */,
				9BBCC6E6260C8A1F00D4E37B /* VEDRDecoder.m in Sources */,
				9BBCC6AE260C3E2900D4E37B /* VEDUseCapture.m in Sources */,
				9BBCC6E2260C8A0C00D4E37B /* VEDREncoder.m in Sources */,
				9BBCC6B3260C3E7F00D4E37B /* VEDUseEncoder.m in Sources */,
				9BBCC69C260C366900D4E37B /* YXLayerPlayer.m in Sources */,
				9BBCC68E260C2DBA00D4E37B /* VEDCapture.m in Sources */,
				9BBCC61D260B18B300D4E37B /* main.m in Sources */,
				9BBCC66F260B33A100D4E37B /* EUseViewController.m in Sources */,
				9BBCC6DE260C8A0000D4E37B /* VEDRCapture.m in Sources */,
				9BBCC6BB260C3E9D00D4E37B /* VEDUseViewController.m in Sources */,
				9BBCC66A260B339600D4E37B /* EncoderUseCapture.m in Sources */,
				9BBCC692260C2DC900D4E37B /* VEDH264Encoder.m in Sources */,
				9BBCC651260B217600D4E37B /* EncoderViewController.m in Sources */,
				9BBCC639260B1CDC00D4E37B /* RenderCapture.m in Sources */,
				9BBCC65B260B2EE100D4E37B /* YXFileHandle.m in Sources */,
				9BBCC635260B1CA000D4E37B /* RenderViewController.m in Sources */,
				9BBCC674260B34E700D4E37B /* EUseH264HwEncoder.m in Sources */,
			);
			runOnlyForDeploymentPostprocessing = 0;
		};
/* End PBXSourcesBuildPhase section */

/* Begin PBXVariantGroup section */
		9BBCC613260B18B200D4E37B /* Main.storyboard */ = {
			isa = PBXVariantGroup;
			children = (
				9BBCC614260B18B200D4E37B /* Base */,
			);
			name = Main.storyboard;
			sourceTree = "<group>";
		};
		9BBCC618260B18B300D4E37B /* LaunchScreen.storyboard */ = {
			isa = PBXVariantGroup;
			children = (
				9BBCC619260B18B300D4E37B /* Base */,
			);
			name = LaunchScreen.storyboard;
			sourceTree = "<group>";
		};
		9BBCC62E260B1C4F00D4E37B /* Render.storyboard */ = {
			isa = PBXVariantGroup;
			children = (
				9BBCC62F260B1C4F00D4E37B /* Base */,
			);
			name = Render.storyboard;
			sourceTree = "<group>";
		};
		9BBCC645260B213D00D4E37B /* Encoder.storyboard */ = {
			isa = PBXVariantGroup;
			children = (
				9BBCC646260B213D00D4E37B /* Base */,
			);
			name = Encoder.storyboard;
			sourceTree = "<group>";
		};
		9BBCC663260B337000D4E37B /* EncoderUse.storyboard */ = {
			isa = PBXVariantGroup;
			children = (
				9BBCC664260B337000D4E37B /* Base */,
			);
			name = EncoderUse.storyboard;
			sourceTree = "<group>";
		};
		9BBCC682260C2BD300D4E37B /* VED.storyboard */ = {
			isa = PBXVariantGroup;
			children = (
				9BBCC683260C2BD300D4E37B /* Base */,
			);
			name = VED.storyboard;
			sourceTree = "<group>";
		};
		9BBCC6A5260C3C7C00D4E37B /* VEDUse.storyboard */ = {
			isa = PBXVariantGroup;
			children = (
				9BBCC6A6260C3C7C00D4E37B /* Base */,
			);
			name = VEDUse.storyboard;
			sourceTree = "<group>";
		};
		9BBCC6D4260C88EC00D4E37B /* VEDRender.storyboard */ = {
			isa = PBXVariantGroup;
			children = (
				9BBCC6D5260C88EC00D4E37B /* Base */,
			);
			name = VEDRender.storyboard;
			sourceTree = "<group>";
		};
/* End PBXVariantGroup section */

/* Begin XCBuildConfiguration section */
		9BBCC61E260B18B300D4E37B /* Debug */ = {
			isa = XCBuildConfiguration;
			buildSettings = {
				ALWAYS_SEARCH_USER_PATHS = NO;
				CLANG_ANALYZER_NONNULL = YES;
				CLANG_ANALYZER_NUMBER_OBJECT_CONVERSION = YES_AGGRESSIVE;
				CLANG_CXX_LANGUAGE_STANDARD = "gnu++14";
				CLANG_CXX_LIBRARY = "libc++";
				CLANG_ENABLE_MODULES = YES;
				CLANG_ENABLE_OBJC_ARC = YES;
				CLANG_ENABLE_OBJC_WEAK = YES;
				CLANG_WARN_BLOCK_CAPTURE_AUTORELEASING = YES;
				CLANG_WARN_BOOL_CONVERSION = YES;
				CLANG_WARN_COMMA = YES;
				CLANG_WARN_CONSTANT_CONVERSION = YES;
				CLANG_WARN_DEPRECATED_OBJC_IMPLEMENTATIONS = YES;
				CLANG_WARN_DIRECT_OBJC_ISA_USAGE = YES_ERROR;
				CLANG_WARN_DOCUMENTATION_COMMENTS = YES;
				CLANG_WARN_EMPTY_BODY = YES;
				CLANG_WARN_ENUM_CONVERSION = YES;
				CLANG_WARN_INFINITE_RECURSION = YES;
				CLANG_WARN_INT_CONVERSION = YES;
				CLANG_WARN_NON_LITERAL_NULL_CONVERSION = YES;
				CLANG_WARN_OBJC_IMPLICIT_RETAIN_SELF = YES;
				CLANG_WARN_OBJC_LITERAL_CONVERSION = YES;
				CLANG_WARN_OBJC_ROOT_CLASS = YES_ERROR;
				CLANG_WARN_QUOTED_INCLUDE_IN_FRAMEWORK_HEADER = YES;
				CLANG_WARN_RANGE_LOOP_ANALYSIS = YES;
				CLANG_WARN_STRICT_PROTOTYPES = YES;
				CLANG_WARN_SUSPICIOUS_MOVE = YES;
				CLANG_WARN_UNGUARDED_AVAILABILITY = YES_AGGRESSIVE;
				CLANG_WARN_UNREACHABLE_CODE = YES;
				CLANG_WARN__DUPLICATE_METHOD_MATCH = YES;
				COPY_PHASE_STRIP = NO;
				DEBUG_INFORMATION_FORMAT = dwarf;
				ENABLE_STRICT_OBJC_MSGSEND = YES;
				ENABLE_TESTABILITY = YES;
				GCC_C_LANGUAGE_STANDARD = gnu11;
				GCC_DYNAMIC_NO_PIC = NO;
				GCC_NO_COMMON_BLOCKS = YES;
				GCC_OPTIMIZATION_LEVEL = 0;
				GCC_PREPROCESSOR_DEFINITIONS = (
					"DEBUG=1",
					"$(inherited)",
				);
				GCC_WARN_64_TO_32_BIT_CONVERSION = YES;
				GCC_WARN_ABOUT_RETURN_TYPE = YES_ERROR;
				GCC_WARN_UNDECLARED_SELECTOR = YES;
				GCC_WARN_UNINITIALIZED_AUTOS = YES_AGGRESSIVE;
				GCC_WARN_UNUSED_FUNCTION = YES;
				GCC_WARN_UNUSED_VARIABLE = YES;
				IPHONEOS_DEPLOYMENT_TARGET = 14.3;
				MTL_ENABLE_DEBUG_INFO = INCLUDE_SOURCE;
				MTL_FAST_MATH = YES;
				ONLY_ACTIVE_ARCH = YES;
				SDKROOT = iphoneos;
			};
			name = Debug;
		};
		9BBCC61F260B18B300D4E37B /* Release */ = {
			isa = XCBuildConfiguration;
			buildSettings = {
				ALWAYS_SEARCH_USER_PATHS = NO;
				CLANG_ANALYZER_NONNULL = YES;
				CLANG_ANALYZER_NUMBER_OBJECT_CONVERSION = YES_AGGRESSIVE;
				CLANG_CXX_LANGUAGE_STANDARD = "gnu++14";
				CLANG_CXX_LIBRARY = "libc++";
				CLANG_ENABLE_MODULES = YES;
				CLANG_ENABLE_OBJC_ARC = YES;
				CLANG_ENABLE_OBJC_WEAK = YES;
				CLANG_WARN_BLOCK_CAPTURE_AUTORELEASING = YES;
				CLANG_WARN_BOOL_CONVERSION = YES;
				CLANG_WARN_COMMA = YES;
				CLANG_WARN_CONSTANT_CONVERSION = YES;
				CLANG_WARN_DEPRECATED_OBJC_IMPLEMENTATIONS = YES;
				CLANG_WARN_DIRECT_OBJC_ISA_USAGE = YES_ERROR;
				CLANG_WARN_DOCUMENTATION_COMMENTS = YES;
				CLANG_WARN_EMPTY_BODY = YES;
				CLANG_WARN_ENUM_CONVERSION = YES;
				CLANG_WARN_INFINITE_RECURSION = YES;
				CLANG_WARN_INT_CONVERSION = YES;
				CLANG_WARN_NON_LITERAL_NULL_CONVERSION = YES;
				CLANG_WARN_OBJC_IMPLICIT_RETAIN_SELF = YES;
				CLANG_WARN_OBJC_LITERAL_CONVERSION = YES;
				CLANG_WARN_OBJC_ROOT_CLASS = YES_ERROR;
				CLANG_WARN_QUOTED_INCLUDE_IN_FRAMEWORK_HEADER = YES;
				CLANG_WARN_RANGE_LOOP_ANALYSIS = YES;
				CLANG_WARN_STRICT_PROTOTYPES = YES;
				CLANG_WARN_SUSPICIOUS_MOVE = YES;
				CLANG_WARN_UNGUARDED_AVAILABILITY = YES_AGGRESSIVE;
				CLANG_WARN_UNREACHABLE_CODE = YES;
				CLANG_WARN__DUPLICATE_METHOD_MATCH = YES;
				COPY_PHASE_STRIP = NO;
				DEBUG_INFORMATION_FORMAT = "dwarf-with-dsym";
				ENABLE_NS_ASSERTIONS = NO;
				ENABLE_STRICT_OBJC_MSGSEND = YES;
				GCC_C_LANGUAGE_STANDARD = gnu11;
				GCC_NO_COMMON_BLOCKS = YES;
				GCC_WARN_64_TO_32_BIT_CONVERSION = YES;
				GCC_WARN_ABOUT_RETURN_TYPE = YES_ERROR;
				GCC_WARN_UNDECLARED_SELECTOR = YES;
				GCC_WARN_UNINITIALIZED_AUTOS = YES_AGGRESSIVE;
				GCC_WARN_UNUSED_FUNCTION = YES;
				GCC_WARN_UNUSED_VARIABLE = YES;
				IPHONEOS_DEPLOYMENT_TARGET = 14.3;
				MTL_ENABLE_DEBUG_INFO = NO;
				MTL_FAST_MATH = YES;
				SDKROOT = iphoneos;
				VALIDATE_PRODUCT = YES;
			};
			name = Release;
		};
		9BBCC621260B18B300D4E37B /* Debug */ = {
			isa = XCBuildConfiguration;
			buildSettings = {
				ASSETCATALOG_COMPILER_APPICON_NAME = AppIcon;
				ASSETCATALOG_COMPILER_GLOBAL_ACCENT_COLOR_NAME = AccentColor;
				CODE_SIGN_STYLE = Automatic;
				CURRENT_PROJECT_VERSION = 210324;
				DEVELOPMENT_TEAM = 7XP66VHL84;
				INFOPLIST_FILE = VideoDR/Info.plist;
				IPHONEOS_DEPLOYMENT_TARGET = 9.0;
				LD_RUNPATH_SEARCH_PATHS = (
					"$(inherited)",
					"@executable_path/Frameworks",
				);
				PRODUCT_BUNDLE_IDENTIFIER = yanzhen.VideoDR;
				PRODUCT_NAME = "$(TARGET_NAME)";
				TARGETED_DEVICE_FAMILY = "1,2";
			};
			name = Debug;
		};
		9BBCC622260B18B300D4E37B /* Release */ = {
			isa = XCBuildConfiguration;
			buildSettings = {
				ASSETCATALOG_COMPILER_APPICON_NAME = AppIcon;
				ASSETCATALOG_COMPILER_GLOBAL_ACCENT_COLOR_NAME = AccentColor;
				CODE_SIGN_STYLE = Automatic;
				CURRENT_PROJECT_VERSION = 210324;
				DEVELOPMENT_TEAM = 7XP66VHL84;
				INFOPLIST_FILE = VideoDR/Info.plist;
				IPHONEOS_DEPLOYMENT_TARGET = 9.0;
				LD_RUNPATH_SEARCH_PATHS = (
					"$(inherited)",
					"@executable_path/Frameworks",
				);
				PRODUCT_BUNDLE_IDENTIFIER = yanzhen.VideoDR;
				PRODUCT_NAME = "$(TARGET_NAME)";
				TARGETED_DEVICE_FAMILY = "1,2";
			};
			name = Release;
		};
/* End XCBuildConfiguration section */

/* Begin XCConfigurationList section */
		9BBCC602260B18B200D4E37B /* Build configuration list for PBXProject "VideoDR" */ = {
			isa = XCConfigurationList;
			buildConfigurations = (
				9BBCC61E260B18B300D4E37B /* Debug */,
				9BBCC61F260B18B300D4E37B /* Release */,
			);
			defaultConfigurationIsVisible = 0;
			defaultConfigurationName = Release;
		};
		9BBCC620260B18B300D4E37B /* Build configuration list for PBXNativeTarget "VideoDR" */ = {
			isa = XCConfigurationList;
			buildConfigurations = (
				9BBCC621260B18B300D4E37B /* Debug */,
				9BBCC622260B18B300D4E37B /* Release */,
			);
			defaultConfigurationIsVisible = 0;
			defaultConfigurationName = Release;
		};
/* End XCConfigurationList section */
	};
	rootObject = 9BBCC5FF260B18B200D4E37B /* Project object */;
}
